
Microsoft Visual Studio Solution File, Format Version 12.00
# Visual Studio Version 17
VisualStudioVersion = 17.10.34928.147
MinimumVisualStudioVersion = 10.0.40219.1
Project("{FAE04EC0-301F-11D3-BF4B-00C04F79EFBC}") = "api-chat", "api-chat.csproj", "{DBED1151-941C-4BF4-AC6B-8C4BD708217E}"
EndProject
Global
	GlobalSection(SolutionConfigurationPlatforms) = preSolution
		Debug|Any CPU = Debug|Any CPU
		Release|Any CPU = Release|Any CPU
	EndGlobalSection
	GlobalSection(ProjectConfigurationPlatforms) = postSolution
		{DBED1151-941C-4BF4-AC6B-8C4BD708217E}.Debug|Any CPU.ActiveCfg = Debug|Any CPU
		{DBED1151-941C-4BF4-AC6B-8C4BD708217E}.Debug|Any CPU.Build.0 = Debug|Any CPU
		{DBED1151-941C-4BF4-AC6B-8C4BD708217E}.Release|Any CPU.ActiveCfg = Release|Any CPU
		{DBED1151-941C-4BF4-AC6B-8C4BD708217E}.Release|Any CPU.Build.0 = Release|Any CPU
	EndGlobalSection
	GlobalSection(SolutionProperties) = preSolution
		HideSolutionNode = FALSE
	EndGlobalSection
	GlobalSection(ExtensibilityGlobals) = postSolution
		SolutionGuid = {1778E643-1AD0-48FE-A727-06DE1CABEB1C}
	EndGlobalSection
EndGlobal
